
Microsoft Visual Studio Solution File, Format Version 12.00
# Visual Studio Version 17
VisualStudioVersion = 17.8.34511.84
MinimumVisualStudioVersion = 10.0.40219.1
Project("{9A19103F-16F7-4668-BE54-9A1E7A4F7556}") = "CSProjeDemo1", "libraryAutomationSystem\CSProjeDemo1.csproj", "{D0B2C04F-BF42-4029-8D46-7409FA4D9A7D}"
EndProject
Project("{FAE04EC0-301F-11D3-BF4B-00C04F79EFBC}") = "CSProjeDemo1Console", "CSProjeDemo1Console\CSProjeDemo1Console.csproj", "{3BEE9C2F-F879-4319-B993-AC11AFC7CD07}"
EndProject
Global
	GlobalSection(SolutionConfigurationPlatforms) = preSolution
		Debug|Any CPU = Debug|Any CPU
		Release|Any CPU = Release|Any CPU
	EndGlobalSection
	GlobalSection(ProjectConfigurationPlatforms) = postSolution
		{D0B2C04F-BF42-4029-8D46-7409FA4D9A7D}.Debug|Any CPU.ActiveCfg = Debug|Any CPU
		{D0B2C04F-BF42-4029-8D46-7409FA4D9A7D}.Debug|Any CPU.Build.0 = Debug|Any CPU
		{D0B2C04F-BF42-4029-8D46-7409FA4D9A7D}.Release|Any CPU.ActiveCfg = Release|Any CPU
		{D0B2C04F-BF42-4029-8D46-7409FA4D9A7D}.Release|Any CPU.Build.0 = Release|Any CPU
		{3BEE9C2F-F879-4319-B993-AC11AFC7CD07}.Debug|Any CPU.ActiveCfg = Debug|Any CPU
		{3BEE9C2F-F879-4319-B993-AC11AFC7CD07}.Debug|Any CPU.Build.0 = Debug|Any CPU
		{3BEE9C2F-F879-4319-B993-AC11AFC7CD07}.Release|Any CPU.ActiveCfg = Release|Any CPU
		{3BEE9C2F-F879-4319-B993-AC11AFC7CD07}.Release|Any CPU.Build.0 = Release|Any CPU
	EndGlobalSection
	GlobalSection(SolutionProperties) = preSolution
		HideSolutionNode = FALSE
	EndGlobalSection
	GlobalSection(ExtensibilityGlobals) = postSolution
		SolutionGuid = {88D82A62-FC8F-4383-B3BD-EED997A1084E}
	EndGlobalSection
EndGlobal
